
Microsoft Visual Studio Solution File, Format Version 12.00
# Visual Studio 15
VisualStudioVersion = 15.0.27130.2036
MinimumVisualStudioVersion = 10.0.40219.1
Project("{9A19103F-16F7-4668-BE54-9A1E7A4F7556}") = "RenderTaskHandlerFunction", "RenderTaskHandlerFunction\RenderTaskHandlerFunction.csproj", "{07A4987E-D924-45C7-BFD7-4CB37FF2FCF8}"
EndProject
Project("{FAE04EC0-301F-11D3-BF4B-00C04F79EFBC}") = "HomePreview.Web", "HomePreview.Web\HomePreview.Web.csproj", "{8F03EE3E-F02E-4A91-B52A-705DD122833E}"
EndProject
Project("{9A19103F-16F7-4668-BE54-9A1E7A4F7556}") = "HomePreviewCommon", "HomePreviewCommon\HomePreviewCommon.csproj", "{30BC1AA7-E190-4A61-A584-18D0FA8E79E2}"
EndProject
Project("{FAE04EC0-301F-11D3-BF4B-00C04F79EFBC}") = "RenderTaskHandlerVM", "RenderTaskHandlerVM\RenderTaskHandlerVM.csproj", "{B7A37CB3-CA86-4EDA-9042-351E8747F1AB}"
EndProject
Global
	GlobalSection(SolutionConfigurationPlatforms) = preSolution
		Debug|Any CPU = Debug|Any CPU
		Release|Any CPU = Release|Any CPU
	EndGlobalSection
	GlobalSection(ProjectConfigurationPlatforms) = postSolution
		{07A4987E-D924-45C7-BFD7-4CB37FF2FCF8}.Debug|Any CPU.ActiveCfg = Debug|Any CPU
		{07A4987E-D924-45C7-BFD7-4CB37FF2FCF8}.Debug|Any CPU.Build.0 = Debug|Any CPU
		{07A4987E-D924-45C7-BFD7-4CB37FF2FCF8}.Release|Any CPU.ActiveCfg = Release|Any CPU
		{07A4987E-D924-45C7-BFD7-4CB37FF2FCF8}.Release|Any CPU.Build.0 = Release|Any CPU
		{8F03EE3E-F02E-4A91-B52A-705DD122833E}.Debug|Any CPU.ActiveCfg = Debug|Any CPU
		{8F03EE3E-F02E-4A91-B52A-705DD122833E}.Debug|Any CPU.Build.0 = Debug|Any CPU
		{8F03EE3E-F02E-4A91-B52A-705DD122833E}.Release|Any CPU.ActiveCfg = Release|Any CPU
		{8F03EE3E-F02E-4A91-B52A-705DD122833E}.Release|Any CPU.Build.0 = Release|Any CPU
		{30BC1AA7-E190-4A61-A584-18D0FA8E79E2}.Debug|Any CPU.ActiveCfg = Debug|Any CPU
		{30BC1AA7-E190-4A61-A584-18D0FA8E79E2}.Debug|Any CPU.Build.0 = Debug|Any CPU
		{30BC1AA7-E190-4A61-A584-18D0FA8E79E2}.Release|Any CPU.ActiveCfg = Release|Any CPU
		{30BC1AA7-E190-4A61-A584-18D0FA8E79E2}.Release|Any CPU.Build.0 = Release|Any CPU
		{B7A37CB3-CA86-4EDA-9042-351E8747F1AB}.Debug|Any CPU.ActiveCfg = Debug|Any CPU
		{B7A37CB3-CA86-4EDA-9042-351E8747F1AB}.Debug|Any CPU.Build.0 = Debug|Any CPU
		{B7A37CB3-CA86-4EDA-9042-351E8747F1AB}.Release|Any CPU.ActiveCfg = Release|Any CPU
		{B7A37CB3-CA86-4EDA-9042-351E8747F1AB}.Release|Any CPU.Build.0 = Release|Any CPU
	EndGlobalSection
	GlobalSection(SolutionProperties) = preSolution
		HideSolutionNode = FALSE
	EndGlobalSection
	GlobalSection(ExtensibilityGlobals) = postSolution
		SolutionGuid = {5383F26A-ED1D-4A78-B789-632F285C2306}
	EndGlobalSection
EndGlobal
